// !$*UTF8*$!
{
	archiveVersion = 1;
	classes = {
	};
	objectVersion = 46;
	objects = {

/* Begin PBXBuildFile section */
		8936FEFAB648EF5B34344AFA /* Pods_Ryboszukacz_Swift.framework in Frameworks */ = {isa = PBXBuildFile; fileRef = 70B64408F098C49E57B7D6F1 /* Pods_Ryboszukacz_Swift.framework */; };
		CE074AA81F45F5A800875BDC /* LowiskaViewModel.swift in Sources */ = {isa = PBXBuildFile; fileRef = CE074AA71F45F5A800875BDC /* LowiskaViewModel.swift */; };
		CE074AAA1F45F5DC00875BDC /* ObjectWithViewModel.swift in Sources */ = {isa = PBXBuildFile; fileRef = CE074AA91F45F5DC00875BDC /* ObjectWithViewModel.swift */; };
		CE074AAC1F45F61600875BDC /* ViewModel.swift in Sources */ = {isa = PBXBuildFile; fileRef = CE074AAB1F45F61600875BDC /* ViewModel.swift */; };
		CE0F6C821F43744A0039B1E3 /* LicenseViewController.swift in Sources */ = {isa = PBXBuildFile; fileRef = CE0F6C811F43744A0039B1E3 /* LicenseViewController.swift */; };
		CE0F6C841F437AC50039B1E3 /* Constants.swift in Sources */ = {isa = PBXBuildFile; fileRef = CE0F6C831F437AC50039B1E3 /* Constants.swift */; };
		CE0F6C861F44BE070039B1E3 /* LowiskaViewController.swift in Sources */ = {isa = PBXBuildFile; fileRef = CE0F6C851F44BE070039B1E3 /* LowiskaViewController.swift */; };
		CE0F6C891F44DAD60039B1E3 /* UIToolbarExtension.swift in Sources */ = {isa = PBXBuildFile; fileRef = CE0F6C881F44DAD60039B1E3 /* UIToolbarExtension.swift */; };
		CE384B911F6716BA006D9F14 /* Networking.swift in Sources */ = {isa = PBXBuildFile; fileRef = CE384B901F6716BA006D9F14 /* Networking.swift */; };
		CE384B931F671EC1006D9F14 /* LocalContent.swift in Sources */ = {isa = PBXBuildFile; fileRef = CE384B921F671EC1006D9F14 /* LocalContent.swift */; };
		CE797A591F28E417008B25CB /* AppDelegate.swift in Sources */ = {isa = PBXBuildFile; fileRef = CE797A581F28E417008B25CB /* AppDelegate.swift */; };
		CE797A5B1F28E417008B25CB /* MenuViewController.swift in Sources */ = {isa = PBXBuildFile; fileRef = CE797A5A1F28E417008B25CB /* MenuViewController.swift */; };
		CE797A5E1F28E417008B25CB /* Main.storyboard in Resources */ = {isa = PBXBuildFile; fileRef = CE797A5C1F28E417008B25CB /* Main.storyboard */; };
		CE797A611F28E417008B25CB /* LowiskaModelNew.xcdatamodeld in Sources */ = {isa = PBXBuildFile; fileRef = CE797A5F1F28E417008B25CB /* LowiskaModelNew.xcdatamodeld */; };
		CE797A631F28E417008B25CB /* Assets.xcassets in Resources */ = {isa = PBXBuildFile; fileRef = CE797A621F28E417008B25CB /* Assets.xcassets */; };
		CE797A661F28E417008B25CB /* LaunchScreen.storyboard in Resources */ = {isa = PBXBuildFile; fileRef = CE797A641F28E417008B25CB /* LaunchScreen.storyboard */; };
		CE797A711F28E417008B25CB /* Ryboszukacz_SwiftTests.swift in Sources */ = {isa = PBXBuildFile; fileRef = CE797A701F28E417008B25CB /* Ryboszukacz_SwiftTests.swift */; };
		CE797A7C1F28E417008B25CB /* Ryboszukacz_SwiftUITests.swift in Sources */ = {isa = PBXBuildFile; fileRef = CE797A7B1F28E417008B25CB /* Ryboszukacz_SwiftUITests.swift */; };
		CEB9E0151F672422009B2DF2 /* CDLowisko+CoreDataClass.swift in Sources */ = {isa = PBXBuildFile; fileRef = CEB9E00F1F672422009B2DF2 /* CDLowisko+CoreDataClass.swift */; };
		CEB9E0161F672422009B2DF2 /* CDLowisko+CoreDataProperties.swift in Sources */ = {isa = PBXBuildFile; fileRef = CEB9E0101F672422009B2DF2 /* CDLowisko+CoreDataProperties.swift */; };
		CEB9E0171F672422009B2DF2 /* CDMojeLowiska+CoreDataClass.swift in Sources */ = {isa = PBXBuildFile; fileRef = CEB9E0111F672422009B2DF2 /* CDMojeLowiska+CoreDataClass.swift */; };
		CEB9E0181F672422009B2DF2 /* CDMojeLowiska+CoreDataProperties.swift in Sources */ = {isa = PBXBuildFile; fileRef = CEB9E0121F672422009B2DF2 /* CDMojeLowiska+CoreDataProperties.swift */; };
		CEB9E0191F672422009B2DF2 /* CDWyprawy+CoreDataClass.swift in Sources */ = {isa = PBXBuildFile; fileRef = CEB9E0131F672422009B2DF2 /* CDWyprawy+CoreDataClass.swift */; };
		CEB9E01A1F672422009B2DF2 /* CDWyprawy+CoreDataProperties.swift in Sources */ = {isa = PBXBuildFile; fileRef = CEB9E0141F672422009B2DF2 /* CDWyprawy+CoreDataProperties.swift */; };
		CECDDC3E1F69BAF000F6ED32 /* CDLowiskoExtension.swift in Sources */ = {isa = PBXBuildFile; fileRef = CECDDC3D1F69BAF000F6ED32 /* CDLowiskoExtension.swift */; };
		CECDDC401F69C46800F6ED32 /* LowiskoAnnotationView.swift in Sources */ = {isa = PBXBuildFile; fileRef = CECDDC3F1F69C46800F6ED32 /* LowiskoAnnotationView.swift */; };
		CECDDC421F69D29E00F6ED32 /* CDMojeLowiskaExtension.swift in Sources */ = {isa = PBXBuildFile; fileRef = CECDDC411F69D29E00F6ED32 /* CDMojeLowiskaExtension.swift */; };
		CECDDC441F69D36100F6ED32 /* CDWyprawyExtension.swift in Sources */ = {isa = PBXBuildFile; fileRef = CECDDC431F69D36100F6ED32 /* CDWyprawyExtension.swift */; };
/* End PBXBuildFile section */

/* Begin PBXContainerItemProxy section */
		CE797A6D1F28E417008B25CB /* PBXContainerItemProxy */ = {
			isa = PBXContainerItemProxy;
			containerPortal = CE797A4D1F28E416008B25CB /* Project object */;
			proxyType = 1;
			remoteGlobalIDString = CE797A541F28E417008B25CB;
			remoteInfo = "Ryboszukacz-Swift";
		};
		CE797A781F28E417008B25CB /* PBXContainerItemProxy */ = {
			isa = PBXContainerItemProxy;
			containerPortal = CE797A4D1F28E416008B25CB /* Project object */;
			proxyType = 1;
			remoteGlobalIDString = CE797A541F28E417008B25CB;
			remoteInfo = "Ryboszukacz-Swift";
		};
/* End PBXContainerItemProxy section */

/* Begin PBXFileReference section */
		0EA75DFACE9B4591A46448D8 /* Pods-Ryboszukacz-Swift.debug.xcconfig */ = {isa = PBXFileReference; includeInIndex = 1; lastKnownFileType = text.xcconfig; name = "Pods-Ryboszukacz-Swift.debug.xcconfig"; path = "Pods/Target Support Files/Pods-Ryboszukacz-Swift/Pods-Ryboszukacz-Swift.debug.xcconfig"; sourceTree = "<group>"; };
		70B64408F098C49E57B7D6F1 /* Pods_Ryboszukacz_Swift.framework */ = {isa = PBXFileReference; explicitFileType = wrapper.framework; includeInIndex = 0; path = Pods_Ryboszukacz_Swift.framework; sourceTree = BUILT_PRODUCTS_DIR; };
		CE074AA71F45F5A800875BDC /* LowiskaViewModel.swift */ = {isa = PBXFileReference; fileEncoding = 4; lastKnownFileType = sourcecode.swift; path = LowiskaViewModel.swift; sourceTree = "<group>"; };
		CE074AA91F45F5DC00875BDC /* ObjectWithViewModel.swift */ = {isa = PBXFileReference; fileEncoding = 4; lastKnownFileType = sourcecode.swift; path = ObjectWithViewModel.swift; sourceTree = "<group>"; };
		CE074AAB1F45F61600875BDC /* ViewModel.swift */ = {isa = PBXFileReference; fileEncoding = 4; lastKnownFileType = sourcecode.swift; path = ViewModel.swift; sourceTree = "<group>"; };
		CE0F6C811F43744A0039B1E3 /* LicenseViewController.swift */ = {isa = PBXFileReference; fileEncoding = 4; lastKnownFileType = sourcecode.swift; path = LicenseViewController.swift; sourceTree = "<group>"; };
		CE0F6C831F437AC50039B1E3 /* Constants.swift */ = {isa = PBXFileReference; fileEncoding = 4; lastKnownFileType = sourcecode.swift; path = Constants.swift; sourceTree = "<group>"; };
		CE0F6C851F44BE070039B1E3 /* LowiskaViewController.swift */ = {isa = PBXFileReference; fileEncoding = 4; lastKnownFileType = sourcecode.swift; path = LowiskaViewController.swift; sourceTree = "<group>"; };
		CE0F6C881F44DAD60039B1E3 /* UIToolbarExtension.swift */ = {isa = PBXFileReference; fileEncoding = 4; lastKnownFileType = sourcecode.swift; path = UIToolbarExtension.swift; sourceTree = "<group>"; };
		CE384B901F6716BA006D9F14 /* Networking.swift */ = {isa = PBXFileReference; fileEncoding = 4; lastKnownFileType = sourcecode.swift; path = Networking.swift; sourceTree = "<group>"; };
		CE384B921F671EC1006D9F14 /* LocalContent.swift */ = {isa = PBXFileReference; fileEncoding = 4; lastKnownFileType = sourcecode.swift; path = LocalContent.swift; sourceTree = "<group>"; };
		CE797A551F28E417008B25CB /* Ryboszukacz-Swift.app */ = {isa = PBXFileReference; explicitFileType = wrapper.application; includeInIndex = 0; path = "Ryboszukacz-Swift.app"; sourceTree = BUILT_PRODUCTS_DIR; };
		CE797A581F28E417008B25CB /* AppDelegate.swift */ = {isa = PBXFileReference; lastKnownFileType = sourcecode.swift; path = AppDelegate.swift; sourceTree = "<group>"; };
		CE797A5A1F28E417008B25CB /* MenuViewController.swift */ = {isa = PBXFileReference; lastKnownFileType = sourcecode.swift; name = MenuViewController.swift; path = ../MenuViewController.swift; sourceTree = "<group>"; };
		CE797A5D1F28E417008B25CB /* Base */ = {isa = PBXFileReference; lastKnownFileType = file.storyboard; name = Base; path = Base.lproj/Main.storyboard; sourceTree = "<group>"; };
		CE797A601F28E417008B25CB /* LowiskaModelNew.xcdatamodel */ = {isa = PBXFileReference; lastKnownFileType = wrapper.xcdatamodel; path = LowiskaModelNew.xcdatamodel; sourceTree = "<group>"; };
		CE797A621F28E417008B25CB /* Assets.xcassets */ = {isa = PBXFileReference; lastKnownFileType = folder.assetcatalog; path = Assets.xcassets; sourceTree = "<group>"; };
		CE797A651F28E417008B25CB /* Base */ = {isa = PBXFileReference; lastKnownFileType = file.storyboard; name = Base; path = Base.lproj/LaunchScreen.storyboard; sourceTree = "<group>"; };
		CE797A671F28E417008B25CB /* Info.plist */ = {isa = PBXFileReference; lastKnownFileType = text.plist.xml; path = Info.plist; sourceTree = "<group>"; };
		CE797A6C1F28E417008B25CB /* Ryboszukacz-SwiftTests.xctest */ = {isa = PBXFileReference; explicitFileType = wrapper.cfbundle; includeInIndex = 0; path = "Ryboszukacz-SwiftTests.xctest"; sourceTree = BUILT_PRODUCTS_DIR; };
		CE797A701F28E417008B25CB /* Ryboszukacz_SwiftTests.swift */ = {isa = PBXFileReference; lastKnownFileType = sourcecode.swift; path = Ryboszukacz_SwiftTests.swift; sourceTree = "<group>"; };
		CE797A721F28E417008B25CB /* Info.plist */ = {isa = PBXFileReference; lastKnownFileType = text.plist.xml; path = Info.plist; sourceTree = "<group>"; };
		CE797A771F28E417008B25CB /* Ryboszukacz-SwiftUITests.xctest */ = {isa = PBXFileReference; explicitFileType = wrapper.cfbundle; includeInIndex = 0; path = "Ryboszukacz-SwiftUITests.xctest"; sourceTree = BUILT_PRODUCTS_DIR; };
		CE797A7B1F28E417008B25CB /* Ryboszukacz_SwiftUITests.swift */ = {isa = PBXFileReference; lastKnownFileType = sourcecode.swift; path = Ryboszukacz_SwiftUITests.swift; sourceTree = "<group>"; };
		CE797A7D1F28E417008B25CB /* Info.plist */ = {isa = PBXFileReference; lastKnownFileType = text.plist.xml; path = Info.plist; sourceTree = "<group>"; };
		CEB9E00F1F672422009B2DF2 /* CDLowisko+CoreDataClass.swift */ = {isa = PBXFileReference; fileEncoding = 4; lastKnownFileType = sourcecode.swift; path = "CDLowisko+CoreDataClass.swift"; sourceTree = "<group>"; };
		CEB9E0101F672422009B2DF2 /* CDLowisko+CoreDataProperties.swift */ = {isa = PBXFileReference; fileEncoding = 4; lastKnownFileType = sourcecode.swift; path = "CDLowisko+CoreDataProperties.swift"; sourceTree = "<group>"; };
		CEB9E0111F672422009B2DF2 /* CDMojeLowiska+CoreDataClass.swift */ = {isa = PBXFileReference; fileEncoding = 4; lastKnownFileType = sourcecode.swift; path = "CDMojeLowiska+CoreDataClass.swift"; sourceTree = "<group>"; };
		CEB9E0121F672422009B2DF2 /* CDMojeLowiska+CoreDataProperties.swift */ = {isa = PBXFileReference; fileEncoding = 4; lastKnownFileType = sourcecode.swift; path = "CDMojeLowiska+CoreDataProperties.swift"; sourceTree = "<group>"; };
		CEB9E0131F672422009B2DF2 /* CDWyprawy+CoreDataClass.swift */ = {isa = PBXFileReference; fileEncoding = 4; lastKnownFileType = sourcecode.swift; path = "CDWyprawy+CoreDataClass.swift"; sourceTree = "<group>"; };
		CEB9E0141F672422009B2DF2 /* CDWyprawy+CoreDataProperties.swift */ = {isa = PBXFileReference; fileEncoding = 4; lastKnownFileType = sourcecode.swift; path = "CDWyprawy+CoreDataProperties.swift"; sourceTree = "<group>"; };
		CECDDC3D1F69BAF000F6ED32 /* CDLowiskoExtension.swift */ = {isa = PBXFileReference; fileEncoding = 4; lastKnownFileType = sourcecode.swift; path = CDLowiskoExtension.swift; sourceTree = "<group>"; };
		CECDDC3F1F69C46800F6ED32 /* LowiskoAnnotationView.swift */ = {isa = PBXFileReference; fileEncoding = 4; lastKnownFileType = sourcecode.swift; path = LowiskoAnnotationView.swift; sourceTree = "<group>"; };
		CECDDC411F69D29E00F6ED32 /* CDMojeLowiskaExtension.swift */ = {isa = PBXFileReference; fileEncoding = 4; lastKnownFileType = sourcecode.swift; path = CDMojeLowiskaExtension.swift; sourceTree = "<group>"; };
		CECDDC431F69D36100F6ED32 /* CDWyprawyExtension.swift */ = {isa = PBXFileReference; fileEncoding = 4; lastKnownFileType = sourcecode.swift; path = CDWyprawyExtension.swift; sourceTree = "<group>"; };
		FAC715D892EEACA4A3C9E9EF /* Pods-Ryboszukacz-Swift.release.xcconfig */ = {isa = PBXFileReference; includeInIndex = 1; lastKnownFileType = text.xcconfig; name = "Pods-Ryboszukacz-Swift.release.xcconfig"; path = "Pods/Target Support Files/Pods-Ryboszukacz-Swift/Pods-Ryboszukacz-Swift.release.xcconfig"; sourceTree = "<group>"; };
/* End PBXFileReference section */

/* Begin PBXFrameworksBuildPhase section */
		CE797A521F28E417008B25CB /* Frameworks */ = {
			isa = PBXFrameworksBuildPhase;
			buildActionMask = 2147483647;
			files = (
				8936FEFAB648EF5B34344AFA /* Pods_Ryboszukacz_Swift.framework in Frameworks */,
			);
			runOnlyForDeploymentPostprocessing = 0;
		};
		CE797A691F28E417008B25CB /* Frameworks */ = {
			isa = PBXFrameworksBuildPhase;
			buildActionMask = 2147483647;
			files = (
			);
			runOnlyForDeploymentPostprocessing = 0;
		};
		CE797A741F28E417008B25CB /* Frameworks */ = {
			isa = PBXFrameworksBuildPhase;
			buildActionMask = 2147483647;
			files = (
			);
			runOnlyForDeploymentPostprocessing = 0;
		};
/* End PBXFrameworksBuildPhase section */

/* Begin PBXGroup section */
		20A3302295C35185E79DC57E /* Frameworks */ = {
			isa = PBXGroup;
			children = (
				70B64408F098C49E57B7D6F1 /* Pods_Ryboszukacz_Swift.framework */,
			);
			name = Frameworks;
			sourceTree = "<group>";
		};
		3E7D4B298B45A2E7877884CF /* Pods */ = {
			isa = PBXGroup;
			children = (
				0EA75DFACE9B4591A46448D8 /* Pods-Ryboszukacz-Swift.debug.xcconfig */,
				FAC715D892EEACA4A3C9E9EF /* Pods-Ryboszukacz-Swift.release.xcconfig */,
			);
			name = Pods;
			sourceTree = "<group>";
		};
		CE0F6C7D1F4373E30039B1E3 /* Views */ = {
			isa = PBXGroup;
			children = (
				CECDDC3F1F69C46800F6ED32 /* LowiskoAnnotationView.swift */,
			);
			path = Views;
			sourceTree = "<group>";
		};
		CE0F6C7E1F4373E90039B1E3 /* Controllers */ = {
			isa = PBXGroup;
			children = (
				CE384B901F6716BA006D9F14 /* Networking.swift */,
				CE384B921F671EC1006D9F14 /* LocalContent.swift */,
			);
			path = Controllers;
			sourceTree = "<group>";
		};
		CE0F6C7F1F4373F00039B1E3 /* ViewControllers */ = {
			isa = PBXGroup;
			children = (
				CE797A5A1F28E417008B25CB /* MenuViewController.swift */,
				CE0F6C811F43744A0039B1E3 /* LicenseViewController.swift */,
				CE074AA71F45F5A800875BDC /* LowiskaViewModel.swift */,
				CE0F6C851F44BE070039B1E3 /* LowiskaViewController.swift */,
			);
			path = ViewControllers;
			sourceTree = "<group>";
		};
		CE0F6C801F4373F70039B1E3 /* Models */ = {
			isa = PBXGroup;
			children = (
				CECDDC3D1F69BAF000F6ED32 /* CDLowiskoExtension.swift */,
				CEB9E00F1F672422009B2DF2 /* CDLowisko+CoreDataClass.swift */,
				CEB9E0101F672422009B2DF2 /* CDLowisko+CoreDataProperties.swift */,
				CECDDC411F69D29E00F6ED32 /* CDMojeLowiskaExtension.swift */,
				CEB9E0111F672422009B2DF2 /* CDMojeLowiska+CoreDataClass.swift */,
				CEB9E0121F672422009B2DF2 /* CDMojeLowiska+CoreDataProperties.swift */,
				CECDDC431F69D36100F6ED32 /* CDWyprawyExtension.swift */,
				CEB9E0131F672422009B2DF2 /* CDWyprawy+CoreDataClass.swift */,
				CEB9E0141F672422009B2DF2 /* CDWyprawy+CoreDataProperties.swift */,
				CE797A5F1F28E417008B25CB /* LowiskaModelNew.xcdatamodeld */,
				CE0F6C831F437AC50039B1E3 /* Constants.swift */,
				CE074AA91F45F5DC00875BDC /* ObjectWithViewModel.swift */,
				CE074AAB1F45F61600875BDC /* ViewModel.swift */,
			);
			path = Models;
			sourceTree = "<group>";
		};
		CE0F6C871F44DAA90039B1E3 /* Extensions */ = {
			isa = PBXGroup;
			children = (
				CE0F6C881F44DAD60039B1E3 /* UIToolbarExtension.swift */,
			);
			path = Extensions;
			sourceTree = "<group>";
		};
		CE797A4C1F28E416008B25CB = {
			isa = PBXGroup;
			children = (
				CE797A571F28E417008B25CB /* Ryboszukacz-Swift */,
				CE797A6F1F28E417008B25CB /* Ryboszukacz-SwiftTests */,
				CE797A7A1F28E417008B25CB /* Ryboszukacz-SwiftUITests */,
				CE797A561F28E417008B25CB /* Products */,
				3E7D4B298B45A2E7877884CF /* Pods */,
				20A3302295C35185E79DC57E /* Frameworks */,
			);
			sourceTree = "<group>";
		};
		CE797A561F28E417008B25CB /* Products */ = {
			isa = PBXGroup;
			children = (
				CE797A551F28E417008B25CB /* Ryboszukacz-Swift.app */,
				CE797A6C1F28E417008B25CB /* Ryboszukacz-SwiftTests.xctest */,
				CE797A771F28E417008B25CB /* Ryboszukacz-SwiftUITests.xctest */,
			);
			name = Products;
			sourceTree = "<group>";
		};
		CE797A571F28E417008B25CB /* Ryboszukacz-Swift */ = {
			isa = PBXGroup;
			children = (
				CE0F6C871F44DAA90039B1E3 /* Extensions */,
				CE0F6C801F4373F70039B1E3 /* Models */,
				CE0F6C7F1F4373F00039B1E3 /* ViewControllers */,
				CE0F6C7E1F4373E90039B1E3 /* Controllers */,
				CE0F6C7D1F4373E30039B1E3 /* Views */,
				CE797A581F28E417008B25CB /* AppDelegate.swift */,
				CE797A5C1F28E417008B25CB /* Main.storyboard */,
				CE797A621F28E417008B25CB /* Assets.xcassets */,
				CE797A641F28E417008B25CB /* LaunchScreen.storyboard */,
				CE797A671F28E417008B25CB /* Info.plist */,
			);
			path = "Ryboszukacz-Swift";
			sourceTree = "<group>";
		};
		CE797A6F1F28E417008B25CB /* Ryboszukacz-SwiftTests */ = {
			isa = PBXGroup;
			children = (
				CE797A701F28E417008B25CB /* Ryboszukacz_SwiftTests.swift */,
				CE797A721F28E417008B25CB /* Info.plist */,
			);
			path = "Ryboszukacz-SwiftTests";
			sourceTree = "<group>";
		};
		CE797A7A1F28E417008B25CB /* Ryboszukacz-SwiftUITests */ = {
			isa = PBXGroup;
			children = (
				CE797A7B1F28E417008B25CB /* Ryboszukacz_SwiftUITests.swift */,
				CE797A7D1F28E417008B25CB /* Info.plist */,
			);
			path = "Ryboszukacz-SwiftUITests";
			sourceTree = "<group>";
		};
/* End PBXGroup section */

/* Begin PBXNativeTarget section */
		CE797A541F28E417008B25CB /* Ryboszukacz-Swift */ = {
			isa = PBXNativeTarget;
			buildConfigurationList = CE797A801F28E418008B25CB /* Build configuration list for PBXNativeTarget "Ryboszukacz-Swift" */;
			buildPhases = (
				CCC4194EEE4CEDC2A7376D1E /* [CP] Check Pods Manifest.lock */,
				CE797A511F28E417008B25CB /* Sources */,
				CE797A521F28E417008B25CB /* Frameworks */,
				CE797A531F28E417008B25CB /* Resources */,
				6DBB5258CC41E11309EF4B8E /* [CP] Embed Pods Frameworks */,
				E221A3CDC17EA870FE6F5BD7 /* [CP] Copy Pods Resources */,
			);
			buildRules = (
			);
			dependencies = (
			);
			name = "Ryboszukacz-Swift";
			productName = "Ryboszukacz-Swift";
			productReference = CE797A551F28E417008B25CB /* Ryboszukacz-Swift.app */;
			productType = "com.apple.product-type.application";
		};
		CE797A6B1F28E417008B25CB /* Ryboszukacz-SwiftTests */ = {
			isa = PBXNativeTarget;
			buildConfigurationList = CE797A831F28E418008B25CB /* Build configuration list for PBXNativeTarget "Ryboszukacz-SwiftTests" */;
			buildPhases = (
				CE797A681F28E417008B25CB /* Sources */,
				CE797A691F28E417008B25CB /* Frameworks */,
				CE797A6A1F28E417008B25CB /* Resources */,
			);
			buildRules = (
			);
			dependencies = (
				CE797A6E1F28E417008B25CB /* PBXTargetDependency */,
			);
			name = "Ryboszukacz-SwiftTests";
			productName = "Ryboszukacz-SwiftTests";
			productReference = CE797A6C1F28E417008B25CB /* Ryboszukacz-SwiftTests.xctest */;
			productType = "com.apple.product-type.bundle.unit-test";
		};
		CE797A761F28E417008B25CB /* Ryboszukacz-SwiftUITests */ = {
			isa = PBXNativeTarget;
			buildConfigurationList = CE797A861F28E418008B25CB /* Build configuration list for PBXNativeTarget "Ryboszukacz-SwiftUITests" */;
			buildPhases = (
				CE797A731F28E417008B25CB /* Sources */,
				CE797A741F28E417008B25CB /* Frameworks */,
				CE797A751F28E417008B25CB /* Resources */,
			);
			buildRules = (
			);
			dependencies = (
				CE797A791F28E417008B25CB /* PBXTargetDependency */,
			);
			name = "Ryboszukacz-SwiftUITests";
			productName = "Ryboszukacz-SwiftUITests";
			productReference = CE797A771F28E417008B25CB /* Ryboszukacz-SwiftUITests.xctest */;
			productType = "com.apple.product-type.bundle.ui-testing";
		};
/* End PBXNativeTarget section */

/* Begin PBXProject section */
		CE797A4D1F28E416008B25CB /* Project object */ = {
			isa = PBXProject;
			attributes = {
				LastSwiftUpdateCheck = 0830;
				LastUpgradeCheck = 0830;
				ORGANIZATIONNAME = "J Apps!";
				TargetAttributes = {
					CE797A541F28E417008B25CB = {
						CreatedOnToolsVersion = 8.3.3;
						DevelopmentTeam = QDHH6LE8HP;
						ProvisioningStyle = Automatic;
					};
					CE797A6B1F28E417008B25CB = {
						CreatedOnToolsVersion = 8.3.3;
						DevelopmentTeam = QDHH6LE8HP;
						ProvisioningStyle = Automatic;
						TestTargetID = CE797A541F28E417008B25CB;
					};
					CE797A761F28E417008B25CB = {
						CreatedOnToolsVersion = 8.3.3;
						DevelopmentTeam = QDHH6LE8HP;
						ProvisioningStyle = Automatic;
						TestTargetID = CE797A541F28E417008B25CB;
					};
				};
			};
			buildConfigurationList = CE797A501F28E417008B25CB /* Build configuration list for PBXProject "Ryboszukacz-Swift" */;
			compatibilityVersion = "Xcode 3.2";
			developmentRegion = English;
			hasScannedForEncodings = 0;
			knownRegions = (
				en,
				Base,
			);
			mainGroup = CE797A4C1F28E416008B25CB;
			productRefGroup = CE797A561F28E417008B25CB /* Products */;
			projectDirPath = "";
			projectRoot = "";
			targets = (
				CE797A541F28E417008B25CB /* Ryboszukacz-Swift */,
				CE797A6B1F28E417008B25CB /* Ryboszukacz-SwiftTests */,
				CE797A761F28E417008B25CB /* Ryboszukacz-SwiftUITests */,
			);
		};
/* End PBXProject section */

/* Begin PBXResourcesBuildPhase section */
		CE797A531F28E417008B25CB /* Resources */ = {
			isa = PBXResourcesBuildPhase;
			buildActionMask = 2147483647;
			files = (
				CE797A661F28E417008B25CB /* LaunchScreen.storyboard in Resources */,
				CE797A631F28E417008B25CB /* Assets.xcassets in Resources */,
				CE797A5E1F28E417008B25CB /* Main.storyboard in Resources */,
			);
			runOnlyForDeploymentPostprocessing = 0;
		};
		CE797A6A1F28E417008B25CB /* Resources */ = {
			isa = PBXResourcesBuildPhase;
			buildActionMask = 2147483647;
			files = (
			);
			runOnlyForDeploymentPostprocessing = 0;
		};
		CE797A751F28E417008B25CB /* Resources */ = {
			isa = PBXResourcesBuildPhase;
			buildActionMask = 2147483647;
			files = (
			);
			runOnlyForDeploymentPostprocessing = 0;
		};
/* End PBXResourcesBuildPhase section */

/* Begin PBXShellScriptBuildPhase section */
		6DBB5258CC41E11309EF4B8E /* [CP] Embed Pods Frameworks */ = {
			isa = PBXShellScriptBuildPhase;
			buildActionMask = 2147483647;
			files = (
			);
			inputPaths = (
			);
			name = "[CP] Embed Pods Frameworks";
			outputPaths = (
			);
			runOnlyForDeploymentPostprocessing = 0;
			shellPath = /bin/sh;
			shellScript = "\"${SRCROOT}/Pods/Target Support Files/Pods-Ryboszukacz-Swift/Pods-Ryboszukacz-Swift-frameworks.sh\"\n";
			showEnvVarsInLog = 0;
		};
		CCC4194EEE4CEDC2A7376D1E /* [CP] Check Pods Manifest.lock */ = {
			isa = PBXShellScriptBuildPhase;
			buildActionMask = 2147483647;
			files = (
			);
			inputPaths = (
			);
			name = "[CP] Check Pods Manifest.lock";
			outputPaths = (
			);
			runOnlyForDeploymentPostprocessing = 0;
			shellPath = /bin/sh;
			shellScript = "diff \"${PODS_ROOT}/../Podfile.lock\" \"${PODS_ROOT}/Manifest.lock\" > /dev/null\nif [ $? != 0 ] ; then\n    # print error to STDERR\n    echo \"error: The sandbox is not in sync with the Podfile.lock. Run 'pod install' or update your CocoaPods installation.\" >&2\n    exit 1\nfi\n";
			showEnvVarsInLog = 0;
		};
		E221A3CDC17EA870FE6F5BD7 /* [CP] Copy Pods Resources */ = {
			isa = PBXShellScriptBuildPhase;
			buildActionMask = 2147483647;
			files = (
			);
			inputPaths = (
			);
			name = "[CP] Copy Pods Resources";
			outputPaths = (
			);
			runOnlyForDeploymentPostprocessing = 0;
			shellPath = /bin/sh;
			shellScript = "\"${SRCROOT}/Pods/Target Support Files/Pods-Ryboszukacz-Swift/Pods-Ryboszukacz-Swift-resources.sh\"\n";
			showEnvVarsInLog = 0;
		};
/* End PBXShellScriptBuildPhase section */

/* Begin PBXSourcesBuildPhase section */
		CE797A511F28E417008B25CB /* Sources */ = {
			isa = PBXSourcesBuildPhase;
			buildActionMask = 2147483647;
			files = (
				CE074AAC1F45F61600875BDC /* ViewModel.swift in Sources */,
				CE384B911F6716BA006D9F14 /* Networking.swift in Sources */,
				CE0F6C841F437AC50039B1E3 /* Constants.swift in Sources */,
				CE384B931F671EC1006D9F14 /* LocalContent.swift in Sources */,
				CE0F6C821F43744A0039B1E3 /* LicenseViewController.swift in Sources */,
				CE074AAA1F45F5DC00875BDC /* ObjectWithViewModel.swift in Sources */,
				CECDDC3E1F69BAF000F6ED32 /* CDLowiskoExtension.swift in Sources */,
				CEB9E0171F672422009B2DF2 /* CDMojeLowiska+CoreDataClass.swift in Sources */,
				CECDDC441F69D36100F6ED32 /* CDWyprawyExtension.swift in Sources */,
				CECDDC421F69D29E00F6ED32 /* CDMojeLowiskaExtension.swift in Sources */,
				CE797A5B1F28E417008B25CB /* MenuViewController.swift in Sources */,
				CEB9E01A1F672422009B2DF2 /* CDWyprawy+CoreDataProperties.swift in Sources */,
				CEB9E0191F672422009B2DF2 /* CDWyprawy+CoreDataClass.swift in Sources */,
				CEB9E0181F672422009B2DF2 /* CDMojeLowiska+CoreDataProperties.swift in Sources */,
				CEB9E0161F672422009B2DF2 /* CDLowisko+CoreDataProperties.swift in Sources */,
				CE0F6C891F44DAD60039B1E3 /* UIToolbarExtension.swift in Sources */,
				CE797A611F28E417008B25CB /* LowiskaModelNew.xcdatamodeld in Sources */,
				CEB9E0151F672422009B2DF2 /* CDLowisko+CoreDataClass.swift in Sources */,
				CECDDC401F69C46800F6ED32 /* LowiskoAnnotationView.swift in Sources */,
				CE797A591F28E417008B25CB /* AppDelegate.swift in Sources */,
				CE0F6C861F44BE070039B1E3 /* LowiskaViewController.swift in Sources */,
				CE074AA81F45F5A800875BDC /* LowiskaViewModel.swift in Sources */,
			);
			runOnlyForDeploymentPostprocessing = 0;
		};
		CE797A681F28E417008B25CB /* Sources */ = {
			isa = PBXSourcesBuildPhase;
			buildActionMask = 2147483647;
			files = (
				CE797A711F28E417008B25CB /* Ryboszukacz_SwiftTests.swift in Sources */,
			);
			runOnlyForDeploymentPostprocessing = 0;
		};
		CE797A731F28E417008B25CB /* Sources */ = {
			isa = PBXSourcesBuildPhase;
			buildActionMask = 2147483647;
			files = (
				CE797A7C1F28E417008B25CB /* Ryboszukacz_SwiftUITests.swift in Sources */,
			);
			runOnlyForDeploymentPostprocessing = 0;
		};
/* End PBXSourcesBuildPhase section */

/* Begin PBXTargetDependency section */
		CE797A6E1F28E417008B25CB /* PBXTargetDependency */ = {
			isa = PBXTargetDependency;
			target = CE797A541F28E417008B25CB /* Ryboszukacz-Swift */;
			targetProxy = CE797A6D1F28E417008B25CB /* PBXContainerItemProxy */;
		};
		CE797A791F28E417008B25CB /* PBXTargetDependency */ = {
			isa = PBXTargetDependency;
			target = CE797A541F28E417008B25CB /* Ryboszukacz-Swift */;
			targetProxy = CE797A781F28E417008B25CB /* PBXContainerItemProxy */;
		};
/* End PBXTargetDependency section */

/* Begin PBXVariantGroup section */
		CE797A5C1F28E417008B25CB /* Main.storyboard */ = {
			isa = PBXVariantGroup;
			children = (
				CE797A5D1F28E417008B25CB /* Base */,
			);
			name = Main.storyboard;
			sourceTree = "<group>";
		};
		CE797A641F28E417008B25CB /* LaunchScreen.storyboard */ = {
			isa = PBXVariantGroup;
			children = (
				CE797A651F28E417008B25CB /* Base */,
			);
			name = LaunchScreen.storyboard;
			sourceTree = "<group>";
		};
/* End PBXVariantGroup section */

/* Begin XCBuildConfiguration section */
		CE797A7E1F28E418008B25CB /* Debug */ = {
			isa = XCBuildConfiguration;
			buildSettings = {
				ALWAYS_SEARCH_USER_PATHS = NO;
				CLANG_ANALYZER_NONNULL = YES;
				CLANG_ANALYZER_NUMBER_OBJECT_CONVERSION = YES_AGGRESSIVE;
				CLANG_CXX_LANGUAGE_STANDARD = "gnu++0x";
				CLANG_CXX_LIBRARY = "libc++";
				CLANG_ENABLE_MODULES = YES;
				CLANG_ENABLE_OBJC_ARC = YES;
				CLANG_WARN_BOOL_CONVERSION = YES;
				CLANG_WARN_CONSTANT_CONVERSION = YES;
				CLANG_WARN_DIRECT_OBJC_ISA_USAGE = YES_ERROR;
				CLANG_WARN_DOCUMENTATION_COMMENTS = YES;
				CLANG_WARN_EMPTY_BODY = YES;
				CLANG_WARN_ENUM_CONVERSION = YES;
				CLANG_WARN_INFINITE_RECURSION = YES;
				CLANG_WARN_INT_CONVERSION = YES;
				CLANG_WARN_OBJC_ROOT_CLASS = YES_ERROR;
				CLANG_WARN_SUSPICIOUS_MOVE = YES;
				CLANG_WARN_UNREACHABLE_CODE = YES;
				CLANG_WARN__DUPLICATE_METHOD_MATCH = YES;
				"CODE_SIGN_IDENTITY[sdk=iphoneos*]" = "iPhone Developer";
				COPY_PHASE_STRIP = NO;
				DEBUG_INFORMATION_FORMAT = dwarf;
				ENABLE_STRICT_OBJC_MSGSEND = YES;
				ENABLE_TESTABILITY = YES;
				GCC_C_LANGUAGE_STANDARD = gnu99;
				GCC_DYNAMIC_NO_PIC = NO;
				GCC_NO_COMMON_BLOCKS = YES;
				GCC_OPTIMIZATION_LEVEL = 0;
				GCC_PREPROCESSOR_DEFINITIONS = (
					"DEBUG=1",
					"$(inherited)",
				);
				GCC_WARN_64_TO_32_BIT_CONVERSION = YES;
				GCC_WARN_ABOUT_RETURN_TYPE = YES_ERROR;
				GCC_WARN_UNDECLARED_SELECTOR = YES;
				GCC_WARN_UNINITIALIZED_AUTOS = YES_AGGRESSIVE;
				GCC_WARN_UNUSED_FUNCTION = YES;
				GCC_WARN_UNUSED_VARIABLE = YES;
				IPHONEOS_DEPLOYMENT_TARGET = 10.3;
				MTL_ENABLE_DEBUG_INFO = YES;
				ONLY_ACTIVE_ARCH = YES;
				SDKROOT = iphoneos;
				SWIFT_ACTIVE_COMPILATION_CONDITIONS = DEBUG;
				SWIFT_OPTIMIZATION_LEVEL = "-Onone";
				TARGETED_DEVICE_FAMILY = "1,2";
			};
			name = Debug;
		};
		CE797A7F1F28E418008B25CB /* Release */ = {
			isa = XCBuildConfiguration;
			buildSettings = {
				ALWAYS_SEARCH_USER_PATHS = NO;
				CLANG_ANALYZER_NONNULL = YES;
				CLANG_ANALYZER_NUMBER_OBJECT_CONVERSION = YES_AGGRESSIVE;
				CLANG_CXX_LANGUAGE_STANDARD = "gnu++0x";
				CLANG_CXX_LIBRARY = "libc++";
				CLANG_ENABLE_MODULES = YES;
				CLANG_ENABLE_OBJC_ARC = YES;
				CLANG_WARN_BOOL_CONVERSION = YES;
				CLANG_WARN_CONSTANT_CONVERSION = YES;
				CLANG_WARN_DIRECT_OBJC_ISA_USAGE = YES_ERROR;
				CLANG_WARN_DOCUMENTATION_COMMENTS = YES;
				CLANG_WARN_EMPTY_BODY = YES;
				CLANG_WARN_ENUM_CONVERSION = YES;
				CLANG_WARN_INFINITE_RECURSION = YES;
				CLANG_WARN_INT_CONVERSION = YES;
				CLANG_WARN_OBJC_ROOT_CLASS = YES_ERROR;
				CLANG_WARN_SUSPICIOUS_MOVE = YES;
				CLANG_WARN_UNREACHABLE_CODE = YES;
				CLANG_WARN__DUPLICATE_METHOD_MATCH = YES;
				"CODE_SIGN_IDENTITY[sdk=iphoneos*]" = "iPhone Developer";
				COPY_PHASE_STRIP = NO;
				DEBUG_INFORMATION_FORMAT = "dwarf-with-dsym";
				ENABLE_NS_ASSERTIONS = NO;
				ENABLE_STRICT_OBJC_MSGSEND = YES;
				GCC_C_LANGUAGE_STANDARD = gnu99;
				GCC_NO_COMMON_BLOCKS = YES;
				GCC_WARN_64_TO_32_BIT_CONVERSION = YES;
				GCC_WARN_ABOUT_RETURN_TYPE = YES_ERROR;
				GCC_WARN_UNDECLARED_SELECTOR = YES;
				GCC_WARN_UNINITIALIZED_AUTOS = YES_AGGRESSIVE;
				GCC_WARN_UNUSED_FUNCTION = YES;
				GCC_WARN_UNUSED_VARIABLE = YES;
				IPHONEOS_DEPLOYMENT_TARGET = 10.3;
				MTL_ENABLE_DEBUG_INFO = NO;
				SDKROOT = iphoneos;
				SWIFT_OPTIMIZATION_LEVEL = "-Owholemodule";
				TARGETED_DEVICE_FAMILY = "1,2";
				VALIDATE_PRODUCT = YES;
			};
			name = Release;
		};
		CE797A811F28E418008B25CB /* Debug */ = {
			isa = XCBuildConfiguration;
			baseConfigurationReference = 0EA75DFACE9B4591A46448D8 /* Pods-Ryboszukacz-Swift.debug.xcconfig */;
			buildSettings = {
				ASSETCATALOG_COMPILER_APPICON_NAME = AppIcon;
				DEVELOPMENT_TEAM = QDHH6LE8HP;
				INFOPLIST_FILE = "Ryboszukacz-Swift/Info.plist";
				IPHONEOS_DEPLOYMENT_TARGET = 10.0;
				LD_RUNPATH_SEARCH_PATHS = "$(inherited) @executable_path/Frameworks";
				PRODUCT_BUNDLE_IDENTIFIER = "pl.j-apps.Ryboszukacz-Swift";
				PRODUCT_NAME = "$(TARGET_NAME)";
				SWIFT_VERSION = 3.0;
			};
			name = Debug;
		};
		CE797A821F28E418008B25CB /* Release */ = {
			isa = XCBuildConfiguration;
			baseConfigurationReference = FAC715D892EEACA4A3C9E9EF /* Pods-Ryboszukacz-Swift.release.xcconfig */;
			buildSettings = {
				ASSETCATALOG_COMPILER_APPICON_NAME = AppIcon;
				DEVELOPMENT_TEAM = QDHH6LE8HP;
				INFOPLIST_FILE = "Ryboszukacz-Swift/Info.plist";
				IPHONEOS_DEPLOYMENT_TARGET = 10.0;
				LD_RUNPATH_SEARCH_PATHS = "$(inherited) @executable_path/Frameworks";
				PRODUCT_BUNDLE_IDENTIFIER = "pl.j-apps.Ryboszukacz-Swift";
				PRODUCT_NAME = "$(TARGET_NAME)";
				SWIFT_VERSION = 3.0;
			};
			name = Release;
		};
		CE797A841F28E418008B25CB /* Debug */ = {
			isa = XCBuildConfiguration;
			buildSettings = {
				ALWAYS_EMBED_SWIFT_STANDARD_LIBRARIES = YES;
				BUNDLE_LOADER = "$(TEST_HOST)";
				DEVELOPMENT_TEAM = QDHH6LE8HP;
				INFOPLIST_FILE = "Ryboszukacz-SwiftTests/Info.plist";
				LD_RUNPATH_SEARCH_PATHS = "$(inherited) @executable_path/Frameworks @loader_path/Frameworks";
				PRODUCT_BUNDLE_IDENTIFIER = "pl.j-apps.Ryboszukacz-SwiftTests";
				PRODUCT_NAME = "$(TARGET_NAME)";
				SWIFT_VERSION = 3.0;
				TEST_HOST = "$(BUILT_PRODUCTS_DIR)/Ryboszukacz-Swift.app/Ryboszukacz-Swift";
			};
			name = Debug;
		};
		CE797A851F28E418008B25CB /* Release */ = {
			isa = XCBuildConfiguration;
			buildSettings = {
				ALWAYS_EMBED_SWIFT_STANDARD_LIBRARIES = YES;
				BUNDLE_LOADER = "$(TEST_HOST)";
				DEVELOPMENT_TEAM = QDHH6LE8HP;
				INFOPLIST_FILE = "Ryboszukacz-SwiftTests/Info.plist";
				LD_RUNPATH_SEARCH_PATHS = "$(inherited) @executable_path/Frameworks @loader_path/Frameworks";
				PRODUCT_BUNDLE_IDENTIFIER = "pl.j-apps.Ryboszukacz-SwiftTests";
				PRODUCT_NAME = "$(TARGET_NAME)";
				SWIFT_VERSION = 3.0;
				TEST_HOST = "$(BUILT_PRODUCTS_DIR)/Ryboszukacz-Swift.app/Ryboszukacz-Swift";
			};
			name = Release;
		};
		CE797A871F28E418008B25CB /* Debug */ = {
			isa = XCBuildConfiguration;
			buildSettings = {
				ALWAYS_EMBED_SWIFT_STANDARD_LIBRARIES = YES;
				DEVELOPMENT_TEAM = QDHH6LE8HP;
				INFOPLIST_FILE = "Ryboszukacz-SwiftUITests/Info.plist";
				LD_RUNPATH_SEARCH_PATHS = "$(inherited) @executable_path/Frameworks @loader_path/Frameworks";
				PRODUCT_BUNDLE_IDENTIFIER = "pl.j-apps.Ryboszukacz-SwiftUITests";
				PRODUCT_NAME = "$(TARGET_NAME)";
				SWIFT_VERSION = 3.0;
				TEST_TARGET_NAME = "Ryboszukacz-Swift";
			};
			name = Debug;
		};
		CE797A881F28E418008B25CB /* Release */ = {
			isa = XCBuildConfiguration;
			buildSettings = {
				ALWAYS_EMBED_SWIFT_STANDARD_LIBRARIES = YES;
				DEVELOPMENT_TEAM = QDHH6LE8HP;
				INFOPLIST_FILE = "Ryboszukacz-SwiftUITests/Info.plist";
				LD_RUNPATH_SEARCH_PATHS = "$(inherited) @executable_path/Frameworks @loader_path/Frameworks";
				PRODUCT_BUNDLE_IDENTIFIER = "pl.j-apps.Ryboszukacz-SwiftUITests";
				PRODUCT_NAME = "$(TARGET_NAME)";
				SWIFT_VERSION = 3.0;
				TEST_TARGET_NAME = "Ryboszukacz-Swift";
			};
			name = Release;
		};
/* End XCBuildConfiguration section */

/* Begin XCConfigurationList section */
		CE797A501F28E417008B25CB /* Build configuration list for PBXProject "Ryboszukacz-Swift" */ = {
			isa = XCConfigurationList;
			buildConfigurations = (
				CE797A7E1F28E418008B25CB /* Debug */,
				CE797A7F1F28E418008B25CB /* Release */,
			);
			defaultConfigurationIsVisible = 0;
			defaultConfigurationName = Release;
		};
		CE797A801F28E418008B25CB /* Build configuration list for PBXNativeTarget "Ryboszukacz-Swift" */ = {
			isa = XCConfigurationList;
			buildConfigurations = (
				CE797A811F28E418008B25CB /* Debug */,
				CE797A821F28E418008B25CB /* Release */,
			);
			defaultConfigurationIsVisible = 0;
			defaultConfigurationName = Release;
		};
		CE797A831F28E418008B25CB /* Build configuration list for PBXNativeTarget "Ryboszukacz-SwiftTests" */ = {
			isa = XCConfigurationList;
			buildConfigurations = (
				CE797A841F28E418008B25CB /* Debug */,
				CE797A851F28E418008B25CB /* Release */,
			);
			defaultConfigurationIsVisible = 0;
			defaultConfigurationName = Release;
		};
		CE797A861F28E418008B25CB /* Build configuration list for PBXNativeTarget "Ryboszukacz-SwiftUITests" */ = {
			isa = XCConfigurationList;
			buildConfigurations = (
				CE797A871F28E418008B25CB /* Debug */,
				CE797A881F28E418008B25CB /* Release */,
			);
			defaultConfigurationIsVisible = 0;
			defaultConfigurationName = Release;
		};
/* End XCConfigurationList section */

/* Begin XCVersionGroup section */
		CE797A5F1F28E417008B25CB /* LowiskaModelNew.xcdatamodeld */ = {
			isa = XCVersionGroup;
			children = (
				CE797A601F28E417008B25CB /* LowiskaModelNew.xcdatamodel */,
			);
			currentVersion = CE797A601F28E417008B25CB /* LowiskaModelNew.xcdatamodel */;
			name = LowiskaModelNew.xcdatamodeld;
			path = ../LowiskaModelNew.xcdatamodeld;
			sourceTree = "<group>";
			versionGroupType = wrapper.xcdatamodel;
		};
/* End XCVersionGroup section */
	};
	rootObject = CE797A4D1F28E416008B25CB /* Project object */;
}
